
Microsoft Visual Studio Solution File, Format Version 12.00
# Visual Studio Version 17
VisualStudioVersion = 17.4.33122.133
MinimumVisualStudioVersion = 10.0.40219.1
Project("{9A19103F-16F7-4668-BE54-9A1E7A4F7556}") = "MemoryGameApp", "MemoryGameApp\MemoryGameApp.csproj", "{890A0F2D-7ECD-427B-B929-D26D70722066}"
EndProject
Project("{9A19103F-16F7-4668-BE54-9A1E7A4F7556}") = "MemoryGameMAUI", "MemoryGameMAUI\MemoryGameMAUI.csproj", "{8308B7B6-6805-4BF0-8B00-CDD4F26A0058}"
EndProject
Project("{9A19103F-16F7-4668-BE54-9A1E7A4F7556}") = "MemoryGameSystem", "MemoryGameSystem\MemoryGameSystem.csproj", "{00EA2AC4-4B76-4CC1-9307-D3C4BCCFD337}"
EndProject
Project("{9A19103F-16F7-4668-BE54-9A1E7A4F7556}") = "MemoryGameTest", "MemoryGameTest\MemoryGameTest.csproj", "{CA525F6C-90A0-4039-9D8D-7A3DF3DF2073}"
EndProject
Project("{9A19103F-16F7-4668-BE54-9A1E7A4F7556}") = "JSMemoryGame", "..\..\nfield\Software\JSMemoryGame\JSMemoryGame\JSMemoryGame.csproj", "{5A630776-C72C-4EFD-A3CE-8E5A3BE9DC52}"
EndProject
Global
	GlobalSection(SolutionConfigurationPlatforms) = preSolution
		Debug|Any CPU = Debug|Any CPU
		Release|Any CPU = Release|Any CPU
	EndGlobalSection
	GlobalSection(ProjectConfigurationPlatforms) = postSolution
		{890A0F2D-7ECD-427B-B929-D26D70722066}.Debug|Any CPU.ActiveCfg = Debug|Any CPU
		{890A0F2D-7ECD-427B-B929-D26D70722066}.Debug|Any CPU.Build.0 = Debug|Any CPU
		{890A0F2D-7ECD-427B-B929-D26D70722066}.Release|Any CPU.ActiveCfg = Release|Any CPU
		{890A0F2D-7ECD-427B-B929-D26D70722066}.Release|Any CPU.Build.0 = Release|Any CPU
		{8308B7B6-6805-4BF0-8B00-CDD4F26A0058}.Debug|Any CPU.ActiveCfg = Debug|Any CPU
		{8308B7B6-6805-4BF0-8B00-CDD4F26A0058}.Debug|Any CPU.Build.0 = Debug|Any CPU
		{8308B7B6-6805-4BF0-8B00-CDD4F26A0058}.Debug|Any CPU.Deploy.0 = Debug|Any CPU
		{8308B7B6-6805-4BF0-8B00-CDD4F26A0058}.Release|Any CPU.ActiveCfg = Release|Any CPU
		{8308B7B6-6805-4BF0-8B00-CDD4F26A0058}.Release|Any CPU.Build.0 = Release|Any CPU
		{8308B7B6-6805-4BF0-8B00-CDD4F26A0058}.Release|Any CPU.Deploy.0 = Release|Any CPU
		{00EA2AC4-4B76-4CC1-9307-D3C4BCCFD337}.Debug|Any CPU.ActiveCfg = Debug|Any CPU
		{00EA2AC4-4B76-4CC1-9307-D3C4BCCFD337}.Debug|Any CPU.Build.0 = Debug|Any CPU
		{00EA2AC4-4B76-4CC1-9307-D3C4BCCFD337}.Release|Any CPU.ActiveCfg = Release|Any CPU
		{00EA2AC4-4B76-4CC1-9307-D3C4BCCFD337}.Release|Any CPU.Build.0 = Release|Any CPU
		{CA525F6C-90A0-4039-9D8D-7A3DF3DF2073}.Debug|Any CPU.ActiveCfg = Debug|Any CPU
		{CA525F6C-90A0-4039-9D8D-7A3DF3DF2073}.Debug|Any CPU.Build.0 = Debug|Any CPU
		{CA525F6C-90A0-4039-9D8D-7A3DF3DF2073}.Release|Any CPU.ActiveCfg = Release|Any CPU
		{CA525F6C-90A0-4039-9D8D-7A3DF3DF2073}.Release|Any CPU.Build.0 = Release|Any CPU
		{5A630776-C72C-4EFD-A3CE-8E5A3BE9DC52}.Debug|Any CPU.ActiveCfg = Debug|Any CPU
		{5A630776-C72C-4EFD-A3CE-8E5A3BE9DC52}.Debug|Any CPU.Build.0 = Debug|Any CPU
		{5A630776-C72C-4EFD-A3CE-8E5A3BE9DC52}.Release|Any CPU.ActiveCfg = Release|Any CPU
		{5A630776-C72C-4EFD-A3CE-8E5A3BE9DC52}.Release|Any CPU.Build.0 = Release|Any CPU
	EndGlobalSection
	GlobalSection(SolutionProperties) = preSolution
		HideSolutionNode = FALSE
	EndGlobalSection
	GlobalSection(ExtensibilityGlobals) = postSolution
		SolutionGuid = {E7D760D8-5B3C-4C3E-AD92-7B9750E97561}
	EndGlobalSection
EndGlobal
